<?xml version="1.0" encoding="utf-8"?>
<Project ToolsVersion="4.0" xmlns="http://schemas.microsoft.com/developer/msbuild/2003">
  <ItemGroup>
    <Filter Include="Source Files">
      <UniqueIdentifier>{4FC737F1-C7A5-4376-A066-2A32D752A2FF}</UniqueIdentifier>
      <Extensions>cpp;c;cc;cxx;c++;def;odl;idl;hpj;bat;asm;asmx</Extensions>
    </Filter>
    <Filter Include="Header Files">
      <UniqueIdentifier>{93995380-89BD-4b04-88EB-625FBE52EBFB}</UniqueIdentifier>
      <Extensions>h;hh;hpp;hxx;h++;hm;inl;inc;ipp;xsd</Extensions>
    </Filter>
    <Filter Include="Resource Files">
      <UniqueIdentifier>{67DA6AB6-F800-4c08-8B7A-83BB121AAD01}</UniqueIdentifier>
      <Extensions>rc;ico;cur;bmp;dlg;rc2;rct;bin;rgs;gif;jpg;jpeg;jpe;resx;tiff;tif;png;wav;mfcribbon-ms</Extensions>
    </Filter>
    <Filter Include="Header Files\Shader">
      <UniqueIdentifier>{69f1f9ab-143a-43ce-b1e1-06cd1877c377}</UniqueIdentifier>
    </Filter>
    <Filter Include="Source Files\Shader">
      <UniqueIdentifier>{16e4500f-4085-494a-b0fa-14de5f16eb65}</UniqueIdentifier>
    </Filter>
    <Filter Include="Header Files\resource">
      <UniqueIdentifier>{c1580dcb-35c7-421c-98d6-a9ccde3ea6a9}</UniqueIdentifier>
    </Filter>
    <Filter Include="Header Files\resource\loaders">
      <UniqueIdentifier>{d05567b1-964b-4429-b1fa-aeab26d63e42}</UniqueIdentifier>
    </Filter>
    <Filter Include="Source Files\resource">
      <UniqueIdentifier>{42689a4c-4c00-46d1-929e-4fcd1089b7e0}</UniqueIdentifier>
    </Filter>
    <Filter Include="Source Files\resource\loaders">
      <UniqueIdentifier>{68291019-cf7d-46c9-869b-ccd7ea47c6ae}</UniqueIdentifier>
    </Filter>
    <Filter Include="Header Files\noise">
      <UniqueIdentifier>{073ae54c-d54e-4684-ad74-8ff8348cf453}</UniqueIdentifier>
    </Filter>
    <Filter Include="Header Files\engine">
      <UniqueIdentifier>{5e901233-407b-43df-8cf5-6bfb7099ca5d}</UniqueIdentifier>
    </Filter>
    <Filter Include="Header Files\engine\resource">
      <UniqueIdentifier>{eebd9173-6043-43be-b4ff-f77c62b7d9b2}</UniqueIdentifier>
    </Filter>
    <Filter Include="Header Files\engine\loaders">
      <UniqueIdentifier>{ded66f40-e2f2-46a8-8cc3-5b7b67509209}</UniqueIdentifier>
    </Filter>
    <Filter Include="Header Files\engine\asset">
      <UniqueIdentifier>{4df0b1f4-3e5c-4f2b-ae30-f2c160e3f983}</UniqueIdentifier>
    </Filter>
    <Filter Include="Header Files\engine\descriptor">
      <UniqueIdentifier>{6f65512b-2472-4a92-9801-6acd384c8fc9}</UniqueIdentifier>
    </Filter>
    <Filter Include="Source Files\engine">
      <UniqueIdentifier>{7ebbb635-6d92-43fd-95cb-d02b9d9ed622}</UniqueIdentifier>
    </Filter>
    <Filter Include="Source Files\engine\asset">
      <UniqueIdentifier>{203d4b9a-cd5c-4940-97c4-ae8dcf351c1c}</UniqueIdentifier>
    </Filter>
    <Filter Include="Source Files\engine\loader">
      <UniqueIdentifier>{44f4609c-970a-4cfc-8506-0b34d86980d8}</UniqueIdentifier>
    </Filter>
    <Filter Include="Header Files\engine\core">
      <UniqueIdentifier>{6d475852-3339-42db-b381-646ae250e36a}</UniqueIdentifier>
    </Filter>
    <Filter Include="Header Files\engine\render">
      <UniqueIdentifier>{e33aad52-bcfd-4907-a86c-2de6e421f52c}</UniqueIdentifier>
    </Filter>
    <Filter Include="Source Files\engine\render">
      <UniqueIdentifier>{b4015764-9ff4-4b14-9cbd-37b7fc80fe75}</UniqueIdentifier>
    </Filter>
    <Filter Include="Header Files\engine\scene">
      <UniqueIdentifier>{e066d790-c89c-4f4e-8cf1-c8a2365d5026}</UniqueIdentifier>
    </Filter>
    <Filter Include="Header Files\engine\entity">
      <UniqueIdentifier>{fc2d69a6-9694-4362-bc7a-2a72fc8aae1b}</UniqueIdentifier>
    </Filter>
    <Filter Include="Header Files\engine\system">
      <UniqueIdentifier>{ca3bf593-8dcc-4934-92ab-377c6456f1fc}</UniqueIdentifier>
    </Filter>
    <Filter Include="Header Files\engine\component">
      <UniqueIdentifier>{d8b77d91-6c1a-4f31-a0ac-d5b3c294edfd}</UniqueIdentifier>
    </Filter>
  </ItemGroup>
  <ItemGroup>
    <ClCompile Include="main.cpp">
      <Filter>Source Files</Filter>
    </ClCompile>
    <ClCompile Include="Window.cpp">
      <Filter>Source Files</Filter>
    </ClCompile>
    <ClCompile Include="Camera.cpp">
      <Filter>Source Files</Filter>
    </ClCompile>
    <ClCompile Include="SceneNode.cpp">
      <Filter>Source Files</Filter>
    </ClCompile>
    <ClCompile Include="Transformation.cpp">
      <Filter>Source Files</Filter>
    </ClCompile>
    <ClCompile Include="KeyboardHandler.cpp">
      <Filter>Source Files</Filter>
    </ClCompile>
    <ClCompile Include="InputHandler.cpp">
      <Filter>Source Files</Filter>
    </ClCompile>
    <ClCompile Include="GameObject.cpp">
      <Filter>Source Files</Filter>
    </ClCompile>
    <ClCompile Include="GeometricPrimitives.cpp">
      <Filter>Source Files</Filter>
    </ClCompile>
    <ClCompile Include="ShaderProgram.cpp">
      <Filter>Source Files\Shader</Filter>
    </ClCompile>
    <ClCompile Include="GenericShaderProgram.cpp">
      <Filter>Source Files\Shader</Filter>
    </ClCompile>
    <ClCompile Include="BasicShaderProgram2D.cpp">
      <Filter>Source Files\Shader</Filter>
    </ClCompile>
    <ClCompile Include="Texture.cpp">
      <Filter>Source Files\resource</Filter>
    </ClCompile>
    <ClCompile Include="MTLMaterial.cpp">
      <Filter>Source Files\resource</Filter>
    </ClCompile>
    <ClCompile Include="ImageLoader.cpp">
      <Filter>Source Files\resource\loaders</Filter>
    </ClCompile>
    <ClCompile Include="MTLParser.cpp">
      <Filter>Source Files\resource\loaders</Filter>
    </ClCompile>
    <ClCompile Include="OBJParser.cpp">
      <Filter>Source Files\resource\loaders</Filter>
    </ClCompile>
    <ClCompile Include="MeshBuilder.cpp">
      <Filter>Source Files</Filter>
    </ClCompile>
    <ClCompile Include="Block.cpp">
      <Filter>Source Files</Filter>
    </ClCompile>
    <ClCompile Include="TextRenderer.cpp">
      <Filter>Source Files</Filter>
    </ClCompile>
    <ClCompile Include="Chunk.cpp">
      <Filter>Source Files</Filter>
    </ClCompile>
    <ClCompile Include="MeshRenderer.cpp">
      <Filter>Source Files</Filter>
    </ClCompile>
    <ClCompile Include="Mesh.cpp">
      <Filter>Source Files\resource</Filter>
    </ClCompile>
    <ClCompile Include="ChunkManager.cpp">
      <Filter>Source Files</Filter>
    </ClCompile>
    <ClCompile Include="Axis.cpp">
      <Filter>Source Files</Filter>
    </ClCompile>
    <ClCompile Include="DebugLog.cpp">
      <Filter>Source Files</Filter>
    </ClCompile>
    <ClCompile Include="ArrayTexture.cpp">
      <Filter>Source Files</Filter>
    </ClCompile>
    <ClCompile Include="StandardMaterial.cpp">
      <Filter>Source Files\resource</Filter>
    </ClCompile>
    <ClCompile Include="ArrayTextureMaterial.cpp">
      <Filter>Source Files\resource</Filter>
    </ClCompile>
    <ClCompile Include="TextMaterial.cpp">
      <Filter>Source Files\resource</Filter>
    </ClCompile>
    <ClCompile Include="PerlinNoise.cpp">
      <Filter>Source Files</Filter>
    </ClCompile>
    <ClCompile Include="ChunkSerializer.cpp">
      <Filter>Source Files</Filter>
    </ClCompile>
    <ClCompile Include="NewShaderProgram.cpp">
      <Filter>Source Files\engine\asset</Filter>
    </ClCompile>
    <ClCompile Include="NewTexture.cpp">
      <Filter>Source Files\engine\asset</Filter>
    </ClCompile>
    <ClCompile Include="TextureLoader.cpp">
      <Filter>Source Files\engine\loader</Filter>
    </ClCompile>
    <ClCompile Include="ShaderLoader.cpp">
      <Filter>Source Files\engine\loader</Filter>
    </ClCompile>
    <ClCompile Include="MaterialLoader.cpp">
      <Filter>Source Files\engine\loader</Filter>
    </ClCompile>
    <ClCompile Include="NewMesh.cpp">
      <Filter>Source Files\engine\asset</Filter>
    </ClCompile>
    <ClCompile Include="NewMeshRenderer.cpp">
      <Filter>Source Files\engine\render</Filter>
    </ClCompile>
    <ClCompile Include="NewMaterial.cpp">
      <Filter>Source Files\engine\asset</Filter>
    </ClCompile>
    <ClCompile Include="Scene3D.cpp">
      <Filter>Source Files</Filter>
    </ClCompile>
    <ClCompile Include="RenderSystem.cpp">
      <Filter>Source Files</Filter>
    </ClCompile>
    <ClCompile Include="FontLoader.cpp">
      <Filter>Source Files</Filter>
    </ClCompile>
    <ClCompile Include="Font.cpp">
      <Filter>Source Files</Filter>
    </ClCompile>
    <ClCompile Include="NewTextMaterial.cpp">
      <Filter>Source Files</Filter>
    </ClCompile>
    <ClCompile Include="NewTextRenderer.cpp">
      <Filter>Source Files</Filter>
    </ClCompile>
    <ClCompile Include="TextMaterialLoader.cpp">
      <Filter>Source Files</Filter>
    </ClCompile>
    <ClCompile Include="Texture2DArray.cpp">
      <Filter>Source Files</Filter>
    </ClCompile>
    <ClCompile Include="Texture2DArrayLoader.cpp">
      <Filter>Source Files</Filter>
    </ClCompile>
    <ClCompile Include="Texture2D.cpp">
      <Filter>Source Files</Filter>
    </ClCompile>
  </ItemGroup>
  <ItemGroup>
    <ClInclude Include="Window.h">
      <Filter>Header Files</Filter>
    </ClInclude>
    <ClInclude Include="Camera.h">
      <Filter>Header Files</Filter>
    </ClInclude>
    <ClInclude Include="SceneNode.h">
      <Filter>Header Files</Filter>
    </ClInclude>
    <ClInclude Include="KeyboardHandler.h">
      <Filter>Header Files</Filter>
    </ClInclude>
    <ClInclude Include="InputHandler.h">
      <Filter>Header Files</Filter>
    </ClInclude>
    <ClInclude Include="GameObject.h">
      <Filter>Header Files</Filter>
    </ClInclude>
    <ClInclude Include="GeometricPrimitives.h">
      <Filter>Header Files</Filter>
    </ClInclude>
    <ClInclude Include="ShaderProgram.h">
      <Filter>Header Files\Shader</Filter>
    </ClInclude>
    <ClInclude Include="GenericShaderProgram.h">
      <Filter>Header Files\Shader</Filter>
    </ClInclude>
    <ClInclude Include="BasicShaderProgram2D.h">
      <Filter>Header Files\Shader</Filter>
    </ClInclude>
    <ClInclude Include="cmp_str.h">
      <Filter>Header Files</Filter>
    </ClInclude>
    <ClInclude Include="MeshRenderer.h">
      <Filter>Header Files</Filter>
    </ClInclude>
    <ClInclude Include="Mesh.h">
      <Filter>Header Files\resource</Filter>
    </ClInclude>
    <ClInclude Include="Resource.h">
      <Filter>Header Files\resource</Filter>
    </ClInclude>
    <ClInclude Include="ResourceManager.h">
      <Filter>Header Files\resource</Filter>
    </ClInclude>
    <ClInclude Include="Texture.h">
      <Filter>Header Files\resource</Filter>
    </ClInclude>
    <ClInclude Include="Material.h">
      <Filter>Header Files\resource</Filter>
    </ClInclude>
    <ClInclude Include="Loader.h">
      <Filter>Header Files\resource\loaders</Filter>
    </ClInclude>
    <ClInclude Include="MTLParser.h">
      <Filter>Header Files\resource\loaders</Filter>
    </ClInclude>
    <ClInclude Include="OBJParser.h">
      <Filter>Header Files\resource\loaders</Filter>
    </ClInclude>
    <ClInclude Include="ImageLoader.h">
      <Filter>Header Files\resource\loaders</Filter>
    </ClInclude>
    <ClInclude Include="MTLMaterial.h">
      <Filter>Header Files\resource</Filter>
    </ClInclude>
    <ClInclude Include="Block.h">
      <Filter>Header Files</Filter>
    </ClInclude>
    <ClInclude Include="Chunk.h">
      <Filter>Header Files</Filter>
    </ClInclude>
    <ClInclude Include="MeshBuilder.h">
      <Filter>Header Files</Filter>
    </ClInclude>
    <ClInclude Include="Transformation.h">
      <Filter>Header Files</Filter>
    </ClInclude>
    <ClInclude Include="TextRenderer.h">
      <Filter>Header Files</Filter>
    </ClInclude>
    <ClInclude Include="ChunkManager.h">
      <Filter>Header Files</Filter>
    </ClInclude>
    <ClInclude Include="Axis.h">
      <Filter>Header Files</Filter>
    </ClInclude>
    <ClInclude Include="DebugLog.h">
      <Filter>Header Files</Filter>
    </ClInclude>
    <ClInclude Include="ArrayTexture.h">
      <Filter>Header Files</Filter>
    </ClInclude>
    <ClInclude Include="StandardMaterial.h">
      <Filter>Header Files\resource</Filter>
    </ClInclude>
    <ClInclude Include="ArrayTextureMaterial.h">
      <Filter>Header Files\resource</Filter>
    </ClInclude>
    <ClInclude Include="TextMaterial.h">
      <Filter>Header Files\resource</Filter>
    </ClInclude>
    <ClInclude Include="NoiseGenerator.h">
      <Filter>Header Files\noise</Filter>
    </ClInclude>
    <ClInclude Include="PerlinNoise.h">
      <Filter>Header Files</Filter>
    </ClInclude>
    <ClInclude Include="ChunkSerializer.h">
      <Filter>Header Files</Filter>
    </ClInclude>
    <ClInclude Include="ChunkStorage.h">
      <Filter>Header Files</Filter>
    </ClInclude>
    <ClInclude Include="StringUtils.h">
      <Filter>Header Files</Filter>
    </ClInclude>
    <ClInclude Include="NewResourceManager.h">
      <Filter>Header Files\engine\resource</Filter>
    </ClInclude>
    <ClInclude Include="NewResource.h">
      <Filter>Header Files\engine\resource</Filter>
    </ClInclude>
    <ClInclude Include="TextureLoader.h">
      <Filter>Header Files\engine\loaders</Filter>
    </ClInclude>
    <ClInclude Include="ShaderLoader.h">
      <Filter>Header Files\engine\loaders</Filter>
    </ClInclude>
    <ClInclude Include="IAnyLoader.h">
      <Filter>Header Files\engine\loaders</Filter>
    </ClInclude>
    <ClInclude Include="IResourceLoader.h">
      <Filter>Header Files\engine\loaders</Filter>
    </ClInclude>
    <ClInclude Include="ResourceLoaderWrapper.h">
      <Filter>Header Files\engine\loaders</Filter>
    </ClInclude>
    <ClInclude Include="Texture2D.h">
      <Filter>Header Files\engine\asset</Filter>
    </ClInclude>
    <ClInclude Include="NewShaderProgram.h">
      <Filter>Header Files\engine\asset</Filter>
    </ClInclude>
    <ClInclude Include="FileDescriptor.h">
      <Filter>Header Files\engine\descriptor</Filter>
    </ClInclude>
    <ClInclude Include="ShaderDescriptor.h">
      <Filter>Header Files\engine\descriptor</Filter>
    </ClInclude>
    <ClInclude Include="MaterialDescriptor.h">
      <Filter>Header Files\engine\descriptor</Filter>
    </ClInclude>
    <ClInclude Include="Types.h">
      <Filter>Header Files\engine</Filter>
    </ClInclude>
    <ClInclude Include="MaterialLoader.h">
      <Filter>Header Files\engine\loaders</Filter>
    </ClInclude>
    <ClInclude Include="NewMaterial.h">
      <Filter>Header Files\engine\asset</Filter>
    </ClInclude>
    <ClInclude Include="NewMeshRenderer.h">
      <Filter>Header Files\engine\render</Filter>
    </ClInclude>
    <ClInclude Include="ResourceId.h">
      <Filter>Header Files\engine\core</Filter>
    </ClInclude>
    <ClInclude Include="NewMesh.h">
      <Filter>Header Files\engine\asset</Filter>
    </ClInclude>
    <ClInclude Include="TypeTag.h">
      <Filter>Header Files\engine\core</Filter>
    </ClInclude>
    <ClInclude Include="NewSceneNode.h">
      <Filter>Header Files\engine\scene</Filter>
    </ClInclude>
    <ClInclude Include="NewCamera.h">
      <Filter>Header Files\engine\scene</Filter>
    </ClInclude>
    <ClInclude Include="Scene3D.h">
      <Filter>Header Files\engine\scene</Filter>
    </ClInclude>
    <ClInclude Include="BasicObject.h">
      <Filter>Header Files\engine\scene</Filter>
    </ClInclude>
    <ClInclude Include="Entity.h">
      <Filter>Header Files\engine\entity</Filter>
    </ClInclude>
    <ClInclude Include="Registry.h">
      <Filter>Header Files\engine\entity</Filter>
    </ClInclude>
    <ClInclude Include="ISystem.h">
      <Filter>Header Files\engine\system</Filter>
    </ClInclude>
    <ClInclude Include="SystemContext.h">
      <Filter>Header Files\engine\system</Filter>
    </ClInclude>
    <ClInclude Include="RenderSystem.h">
      <Filter>Header Files</Filter>
    </ClInclude>
    <ClInclude Include="ComponentStorage.h">
      <Filter>Header Files\engine\component</Filter>
    </ClInclude>
    <ClInclude Include="CameraComponent.h">
      <Filter>Header Files\engine\component</Filter>
    </ClInclude>
    <ClInclude Include="TransformComponent.h">
      <Filter>Header Files\engine\component</Filter>
    </ClInclude>
    <ClInclude Include="MeshRendererComponent.h">
      <Filter>Header Files\engine\component</Filter>
    </ClInclude>
    <ClInclude Include="IComponentStorage.h">
      <Filter>Header Files\engine\component</Filter>
    </ClInclude>
    <ClInclude Include="Font.h">
      <Filter>Header Files\engine\asset</Filter>
    </ClInclude>
    <ClInclude Include="FontLoader.h">
      <Filter>Header Files\engine\loaders</Filter>
    </ClInclude>
    <ClInclude Include="NewTextMaterial.h">
      <Filter>Header Files\engine\asset</Filter>
    </ClInclude>
    <ClInclude Include="stb_rect_pack.h">
      <Filter>Header Files</Filter>
    </ClInclude>
    <ClInclude Include="NewTextRenderer.h">
      <Filter>Header Files\engine\render</Filter>
    </ClInclude>
    <ClInclude Include="TextMaterialDescriptor.h">
      <Filter>Header Files\engine\descriptor</Filter>
    </ClInclude>
    <ClInclude Include="TextMaterialLoader.h">
      <Filter>Header Files\engine\loaders</Filter>
    </ClInclude>
    <ClInclude Include="stb_image_write.h">
      <Filter>Header Files</Filter>
    </ClInclude>
    <ClInclude Include="ITexture.h">
      <Filter>Header Files\engine\asset</Filter>
    </ClInclude>
    <ClInclude Include="Texture2DArray.h">
      <Filter>Header Files\engine\asset</Filter>
    </ClInclude>
    <ClInclude Include="Texture2DArrayLoader.h">
      <Filter>Header Files\engine\loaders</Filter>
    </ClInclude>
    <ClInclude Include="Texture2DArrayDescriptor.h">
      <Filter>Header Files\engine\descriptor</Filter>
    </ClInclude>
  </ItemGroup>
  <ItemGroup>
    <None Include="basic.vs">
      <Filter>Resource Files</Filter>
    </None>
    <None Include="textShader.vs">
      <Filter>Resource Files</Filter>
    </None>
    <None Include="axis.vs">
      <Filter>Resource Files</Filter>
    </None>
    <None Include="arrayTexture.vs">
      <Filter>Resource Files</Filter>
    </None>
    <None Include="arrayTexture.fs">
      <Filter>Resource Files</Filter>
    </None>
    <None Include="vertexLayout.vs">
      <Filter>Resource Files</Filter>
    </None>
    <None Include="basic2.frag">
      <Filter>Resource Files</Filter>
    </None>
    <None Include="fragmentShader.frag">
      <Filter>Resource Files</Filter>
    </None>
    <None Include="textShader.frag">
      <Filter>Resource Files</Filter>
    </None>
    <None Include="axis.frag">
      <Filter>Resource Files</Filter>
    </None>
  </ItemGroup>
</Project>